// !$*UTF8*$!
{
	archiveVersion = 1;
	classes = {
	};
	objectVersion = 50;
	objects = {

/* Begin PBXFileReference section */
		97795A59263B20D6008513F0 /* BinaryTreeTraversals.playground */ = {isa = PBXFileReference; lastKnownFileType = file.playground; path = BinaryTreeTraversals.playground; sourceTree = "<group>"; };
		97795A5B263B21F8008513F0 /* README.md */ = {isa = PBXFileReference; lastKnownFileType = net.daringfireball.markdown; path = README.md; sourceTree = "<group>"; };
/* End PBXFileReference section */

/* Begin PBXGroup section */
		97795A52263B20CD008513F0 = {
			isa = PBXGroup;
			children = (
				97795A5B263B21F8008513F0 /* README.md */,
				97795A59263B20D6008513F0 /* BinaryTreeTraversals.playground */,
			);
			sourceTree = "<group>";
		};
/* End PBXGroup section */

/* Begin PBXProject section */
		97795A53263B20CD008513F0 /* Project object */ = {
			isa = PBXProject;
			attributes = {
				LastUpgradeCheck = 1240;
			};
			buildConfigurationList = 97795A56263B20CD008513F0 /* Build configuration list for PBXProject "BinaryTreeTraversals" */;
			compatibilityVersion = "Xcode 9.3";
			developmentRegion = en;
			hasScannedForEncodings = 0;
			knownRegions = (
				en,
				Base,
			);
			mainGroup = 97795A52263B20CD008513F0;
			projectDirPath = "";
			projectRoot = "";
			targets = (
			);
		};
/* End PBXProject section */

/* Begin XCBuildConfiguration section */
		97795A57263B20CD008513F0 /* Debug */ = {
			isa = XCBuildConfiguration;
			buildSettings = {
			};
			name = Debug;
		};
		97795A58263B20CD008513F0 /* Release */ = {
			isa = XCBuildConfiguration;
			buildSettings = {
			};
			name = Release;
		};
/* End XCBuildConfiguration section */

/* Begin XCConfigurationList section */
		97795A56263B20CD008513F0 /* Build configuration list for PBXProject "BinaryTreeTraversals" */ = {
			isa = XCConfigurationList;
			buildConfigurations = (
				97795A57263B20CD008513F0 /* Debug */,
				97795A58263B20CD008513F0 /* Release */,
			);
			defaultConfigurationIsVisible = 0;
			defaultConfigurationName = Release;
		};
/* End XCConfigurationList section */
	};
	rootObject = 97795A53263B20CD008513F0 /* Project object */;
}
